
Microsoft Visual Studio Solution File, Format Version 11.00
# Visual Studio 2010
Project("{FAE04EC0-301F-11D3-BF4B-00C04F79EFBC}") = "Assembly-CSharp", "Assembly-CSharp.csproj", "{8ef68faf-1c66-a3d9-e433-e7ca11860ccf}"
EndProject
Global
	GlobalSection(SolutionConfigurationPlatforms) = preSolution
		Debug|Any CPU = Debug|Any CPU
		Release|Any CPU = Release|Any CPU
	EndGlobalSection
	GlobalSection(ProjectConfigurationPlatforms) = postSolution
		{8ef68faf-1c66-a3d9-e433-e7ca11860ccf}.Debug|Any CPU.ActiveCfg = Debug|Any CPU
		{8ef68faf-1c66-a3d9-e433-e7ca11860ccf}.Debug|Any CPU.Build.0 = Debug|Any CPU
		{8ef68faf-1c66-a3d9-e433-e7ca11860ccf}.Release|Any CPU.ActiveCfg = Release|Any CPU
		{8ef68faf-1c66-a3d9-e433-e7ca11860ccf}.Release|Any CPU.Build.0 = Release|Any CPU
	EndGlobalSection
	GlobalSection(SolutionProperties) = preSolution
		HideSolutionNode = FALSE
	EndGlobalSection
EndGlobal
